
Microsoft Visual Studio Solution File, Format Version 12.00
# Visual Studio 2013
VisualStudioVersion = 12.0.30501.0
MinimumVisualStudioVersion = 10.0.40219.1
Project("{FAE04EC0-301F-11D3-BF4B-00C04F79EFBC}") = "01.DecimalToBinary", "01.DecimalToBinary\01.DecimalToBinary.csproj", "{24662D06-C8B4-4A4A-BE7A-A579CA117A60}"
EndProject
Project("{FAE04EC0-301F-11D3-BF4B-00C04F79EFBC}") = "02.BinaryToDecimal", "02.BinaryToDecimal\02.BinaryToDecimal.csproj", "{26C0F539-1E97-45E2-93EC-2D097DE2F878}"
EndProject
Project("{FAE04EC0-301F-11D3-BF4B-00C04F79EFBC}") = "03.DecimalToHexadecimal", "03.DecimalToHexadecimal\03.DecimalToHexadecimal.csproj", "{B02B9E83-E994-4ADB-93F4-D66AAE2559A9}"
EndProject
Project("{FAE04EC0-301F-11D3-BF4B-00C04F79EFBC}") = "04.HexadecimalToDecimal", "04.HexadecimalToDecimal\04.HexadecimalToDecimal.csproj", "{CC22CE94-0114-4B89-A77E-FF9B60B7B0E2}"
EndProject
Project("{FAE04EC0-301F-11D3-BF4B-00C04F79EFBC}") = "05.HexadecimalToBinary", "05.HexadecimalToBinary\05.HexadecimalToBinary.csproj", "{98B55878-1D83-4324-BC95-6AE4DB0C80B1}"
EndProject
Project("{FAE04EC0-301F-11D3-BF4B-00C04F79EFBC}") = "06.BinaryToHexadecimal", "06.binaryToHexadecimal\06.BinaryToHexadecimal.csproj", "{3FB478CA-9990-425C-BB87-9AE104A82DA9}"
EndProject
Project("{FAE04EC0-301F-11D3-BF4B-00C04F79EFBC}") = "08.BinaryShort", "08.BinaryShort\08.BinaryShort.csproj", "{5D0BF82D-28D4-40E4-9E8F-5220FB4F64B8}"
EndProject
Project("{FAE04EC0-301F-11D3-BF4B-00C04F79EFBC}") = "07.OneSystemToAnyOther", "07.OneSystemToAnyOther\07.OneSystemToAnyOther.csproj", "{B18845F0-C683-4726-9090-E93761BFBE55}"
EndProject
Global
	GlobalSection(SolutionConfigurationPlatforms) = preSolution
		Debug|Any CPU = Debug|Any CPU
		Release|Any CPU = Release|Any CPU
	EndGlobalSection
	GlobalSection(ProjectConfigurationPlatforms) = postSolution
		{24662D06-C8B4-4A4A-BE7A-A579CA117A60}.Debug|Any CPU.ActiveCfg = Debug|Any CPU
		{24662D06-C8B4-4A4A-BE7A-A579CA117A60}.Debug|Any CPU.Build.0 = Debug|Any CPU
		{24662D06-C8B4-4A4A-BE7A-A579CA117A60}.Release|Any CPU.ActiveCfg = Release|Any CPU
		{24662D06-C8B4-4A4A-BE7A-A579CA117A60}.Release|Any CPU.Build.0 = Release|Any CPU
		{26C0F539-1E97-45E2-93EC-2D097DE2F878}.Debug|Any CPU.ActiveCfg = Debug|Any CPU
		{26C0F539-1E97-45E2-93EC-2D097DE2F878}.Debug|Any CPU.Build.0 = Debug|Any CPU
		{26C0F539-1E97-45E2-93EC-2D097DE2F878}.Release|Any CPU.ActiveCfg = Release|Any CPU
		{26C0F539-1E97-45E2-93EC-2D097DE2F878}.Release|Any CPU.Build.0 = Release|Any CPU
		{B02B9E83-E994-4ADB-93F4-D66AAE2559A9}.Debug|Any CPU.ActiveCfg = Debug|Any CPU
		{B02B9E83-E994-4ADB-93F4-D66AAE2559A9}.Debug|Any CPU.Build.0 = Debug|Any CPU
		{B02B9E83-E994-4ADB-93F4-D66AAE2559A9}.Release|Any CPU.ActiveCfg = Release|Any CPU
		{B02B9E83-E994-4ADB-93F4-D66AAE2559A9}.Release|Any CPU.Build.0 = Release|Any CPU
		{CC22CE94-0114-4B89-A77E-FF9B60B7B0E2}.Debug|Any CPU.ActiveCfg = Debug|Any CPU
		{CC22CE94-0114-4B89-A77E-FF9B60B7B0E2}.Debug|Any CPU.Build.0 = Debug|Any CPU
		{CC22CE94-0114-4B89-A77E-FF9B60B7B0E2}.Release|Any CPU.ActiveCfg = Release|Any CPU
		{CC22CE94-0114-4B89-A77E-FF9B60B7B0E2}.Release|Any CPU.Build.0 = Release|Any CPU
		{98B55878-1D83-4324-BC95-6AE4DB0C80B1}.Debug|Any CPU.ActiveCfg = Debug|Any CPU
		{98B55878-1D83-4324-BC95-6AE4DB0C80B1}.Debug|Any CPU.Build.0 = Debug|Any CPU
		{98B55878-1D83-4324-BC95-6AE4DB0C80B1}.Release|Any CPU.ActiveCfg = Release|Any CPU
		{98B55878-1D83-4324-BC95-6AE4DB0C80B1}.Release|Any CPU.Build.0 = Release|Any CPU
		{3FB478CA-9990-425C-BB87-9AE104A82DA9}.Debug|Any CPU.ActiveCfg = Debug|Any CPU
		{3FB478CA-9990-425C-BB87-9AE104A82DA9}.Debug|Any CPU.Build.0 = Debug|Any CPU
		{3FB478CA-9990-425C-BB87-9AE104A82DA9}.Release|Any CPU.ActiveCfg = Release|Any CPU
		{3FB478CA-9990-425C-BB87-9AE104A82DA9}.Release|Any CPU.Build.0 = Release|Any CPU
		{5D0BF82D-28D4-40E4-9E8F-5220FB4F64B8}.Debug|Any CPU.ActiveCfg = Debug|Any CPU
		{5D0BF82D-28D4-40E4-9E8F-5220FB4F64B8}.Debug|Any CPU.Build.0 = Debug|Any CPU
		{5D0BF82D-28D4-40E4-9E8F-5220FB4F64B8}.Release|Any CPU.ActiveCfg = Release|Any CPU
		{5D0BF82D-28D4-40E4-9E8F-5220FB4F64B8}.Release|Any CPU.Build.0 = Release|Any CPU
		{B18845F0-C683-4726-9090-E93761BFBE55}.Debug|Any CPU.ActiveCfg = Debug|Any CPU
		{B18845F0-C683-4726-9090-E93761BFBE55}.Debug|Any CPU.Build.0 = Debug|Any CPU
		{B18845F0-C683-4726-9090-E93761BFBE55}.Release|Any CPU.ActiveCfg = Release|Any CPU
		{B18845F0-C683-4726-9090-E93761BFBE55}.Release|Any CPU.Build.0 = Release|Any CPU
	EndGlobalSection
	GlobalSection(SolutionProperties) = preSolution
		HideSolutionNode = FALSE
	EndGlobalSection
EndGlobal
